
Microsoft Visual Studio Solution File, Format Version 12.00
# Visual Studio 14
VisualStudioVersion = 14.0.25123.0
MinimumVisualStudioVersion = 10.0.40219.1
Project("{055CD485-960D-418C-A9F2-83B5E54547F5}") = "Sitecore.Support.156205", "Sitecore.Support.156205\Sitecore.Support.156205.csproj", "{A9AE32BA-C909-47CE-85B6-125D1B950A11}"
EndProject
Global
	GlobalSection(SolutionConfigurationPlatforms) = preSolution
		Debug|Any CPU = Debug|Any CPU
		Release|Any CPU = Release|Any CPU
	EndGlobalSection
	GlobalSection(ProjectConfigurationPlatforms) = postSolution
		{A9AE32BA-C909-47CE-85B6-125D1B950A11}.Debug|Any CPU.ActiveCfg = Debug|Any CPU
		{A9AE32BA-C909-47CE-85B6-125D1B950A11}.Debug|Any CPU.Build.0 = Debug|Any CPU
		{A9AE32BA-C909-47CE-85B6-125D1B950A11}.Release|Any CPU.ActiveCfg = Release|Any CPU
		{A9AE32BA-C909-47CE-85B6-125D1B950A11}.Release|Any CPU.Build.0 = Release|Any CPU
	EndGlobalSection
	GlobalSection(SolutionProperties) = preSolution
		HideSolutionNode = FALSE
	EndGlobalSection
EndGlobal
